{
  "originHash" : "7d36da14c522e63af6977dc6f9af94cc695bb8829c209c96a7b0254d3c295d5a",
  "pins" : [
    {
      "identity" : "swiftuiviewrepresentable",
      "kind" : "remoteSourceControl",
      "location" : "https://github.com/vivalalova/SwiftUIViewRepresentable.git",
      "state" : {
        "revision" : "2b418c761115888acf86c57c73c06cf20b48f297",
        "version" : "0.1.1"
      }
    }
  ],
  "version" : 3
}
